
Microsoft Visual Studio Solution File, Format Version 12.00
# Visual Studio Version 16
VisualStudioVersion = 16.0.31424.327
MinimumVisualStudioVersion = 10.0.40219.1
Project("{FAE04EC0-301F-11D3-BF4B-00C04F79EFBC}") = "Demo", "Demo\Demo.csproj", "{6E9E5FED-99C6-429D-8BED-56F341345FB6}"
EndProject
Project("{FAE04EC0-301F-11D3-BF4B-00C04F79EFBC}") = "Arithmatic", "Arithmatic\Arithmatic.csproj", "{85ECC505-6D6F-4395-82E7-1E526FED7154}"
EndProject
Project("{FAE04EC0-301F-11D3-BF4B-00C04F79EFBC}") = "00DemoOOP", "00DemoOOP\00DemoOOP.csproj", "{21D2B5B2-09F0-4CB8-9798-11D66D22BBD6}"
EndProject
Project("{FAE04EC0-301F-11D3-BF4B-00C04F79EFBC}") = "01DemoOOP", "01DemoOOP\01DemoOOP.csproj", "{98B77B0B-0629-4498-921D-4B30589ECFB6}"
EndProject
Project("{FAE04EC0-301F-11D3-BF4B-00C04F79EFBC}") = "02DemoOOP", "02DemoOOP\02DemoOOP.csproj", "{BB8C2CBD-809C-444E-89B1-9817D20C17BC}"
EndProject
Project("{FAE04EC0-301F-11D3-BF4B-00C04F79EFBC}") = "03DemoEditor", "03DemoEditor\03DemoEditor.csproj", "{A763BB32-467E-4554-A58C-921D6BF79450}"
EndProject
Project("{FAE04EC0-301F-11D3-BF4B-00C04F79EFBC}") = "04DemoGenerics", "04DemoGenerics\04DemoGenerics.csproj", "{3CC1FC28-3EC2-4C46-89C8-B1E1C76C8CDD}"
EndProject
Project("{FAE04EC0-301F-11D3-BF4B-00C04F79EFBC}") = "05DemoDelegate", "05DemoDelegate\05DemoDelegate.csproj", "{6E5BB889-4F7C-412C-9C74-B7B1CD8551E0}"
EndProject
Project("{FAE04EC0-301F-11D3-BF4B-00C04F79EFBC}") = "06DemoDelegate", "06DemoDelegate\06DemoDelegate.csproj", "{1BC328D0-9860-4592-8343-42CE89051EED}"
EndProject
Project("{FAE04EC0-301F-11D3-BF4B-00C04F79EFBC}") = "07DemoEvent", "07DemoEvent\07DemoEvent.csproj", "{34CC7AF3-9D44-4E9C-AB92-F26F6BD32328}"
EndProject
Project("{FAE04EC0-301F-11D3-BF4B-00C04F79EFBC}") = "Demo08EventDelegate", "Demo08EventDelegate\Demo08EventDelegate.csproj", "{16709227-20DB-4F23-9A99-02D67D4BE47D}"
EndProject
Project("{FAE04EC0-301F-11D3-BF4B-00C04F79EFBC}") = "08DemoEventBasedLogger", "08DemoEventBasedLogger\08DemoEventBasedLogger.csproj", "{A287A94E-D6DC-463C-899D-30601CE807DE}"
EndProject
Project("{FAE04EC0-301F-11D3-BF4B-00C04F79EFBC}") = "09DemoCollections", "09DemoCollections\09DemoCollections.csproj", "{9F729E39-AFA3-4C48-9AB6-DE5DDAC2E870}"
EndProject
Project("{FAE04EC0-301F-11D3-BF4B-00C04F79EFBC}") = "10DemoFileIO", "10DemoFileIO\10DemoFileIO.csproj", "{5E195D63-D4A3-44C4-92EE-4229E27DB134}"
EndProject
Project("{FAE04EC0-301F-11D3-BF4B-00C04F79EFBC}") = "11DemoReflection", "11DemoReflection\11DemoReflection.csproj", "{5BDBC2AB-1333-47D4-B296-70E75EAA75E8}"
EndProject
Project("{FAE04EC0-301F-11D3-BF4B-00C04F79EFBC}") = "POCOLib", "POCOLib\POCOLib.csproj", "{0393EBD2-7036-4C6E-824C-0E53CF4AB9D4}"
EndProject
Project("{FAE04EC0-301F-11D3-BF4B-00C04F79EFBC}") = "SunbeamAnnotations", "SunbeamAnnotations\SunbeamAnnotations.csproj", "{EC6F5666-A3AC-42B2-835E-4B8A30F2F543}"
EndProject
Project("{FAE04EC0-301F-11D3-BF4B-00C04F79EFBC}") = "12DemoTinyHibernate", "12DemoTinyHibernate\12DemoTinyHibernate.csproj", "{E76801D8-0013-45E7-BC4E-56B730A32141}"
EndProject
Project("{FAE04EC0-301F-11D3-BF4B-00C04F79EFBC}") = "13DemoDBProgramming", "13DemoDBProgramming\13DemoDBProgramming.csproj", "{B42224FD-BEA2-4512-BA4A-647D788BCAA2}"
EndProject
Project("{FAE04EC0-301F-11D3-BF4B-00C04F79EFBC}") = "14DemoLayeredApp", "14DemoLayeredApp\14DemoLayeredApp.csproj", "{5FDB2B2A-4809-4FEB-BD5D-1C2FFBC04FAA}"
EndProject
Project("{FAE04EC0-301F-11D3-BF4B-00C04F79EFBC}") = "15DemoDisconnected", "15DemoDisconnected\15DemoDisconnected.csproj", "{05E947FD-8F0D-4F8F-832E-D630D764BC94}"
EndProject
Project("{FAE04EC0-301F-11D3-BF4B-00C04F79EFBC}") = "16DemoDisconnected", "16DemoDisconnected\16DemoDisconnected.csproj", "{9AA9AC2D-6171-48C5-A8F9-DD84B8F21768}"
EndProject
Project("{FAE04EC0-301F-11D3-BF4B-00C04F79EFBC}") = "17DemoEntityFramework", "17DemoEntityFramework\17DemoEntityFramework.csproj", "{1E46BAF7-5035-4EB4-A004-E6DF80E950AD}"
EndProject
Project("{FAE04EC0-301F-11D3-BF4B-00C04F79EFBC}") = "TestMYSQL", "TestMYSQL\TestMYSQL.csproj", "{0357025C-B50D-4E09-87E6-8BDA7226F7C6}"
EndProject
Project("{FAE04EC0-301F-11D3-BF4B-00C04F79EFBC}") = "18DemoEF", "18DemoEF\18DemoEF.csproj", "{3FC10693-2833-4A07-9331-E19FA8E110DA}"
EndProject
Project("{FAE04EC0-301F-11D3-BF4B-00C04F79EFBC}") = "19DemoFeatures", "19DemoFeatures\19DemoFeatures.csproj", "{74282053-C7BA-4237-98E4-69B20B351F76}"
EndProject
Global
	GlobalSection(SolutionConfigurationPlatforms) = preSolution
		Debug|Any CPU = Debug|Any CPU
		Release|Any CPU = Release|Any CPU
	EndGlobalSection
	GlobalSection(ProjectConfigurationPlatforms) = postSolution
		{6E9E5FED-99C6-429D-8BED-56F341345FB6}.Debug|Any CPU.ActiveCfg = Debug|Any CPU
		{6E9E5FED-99C6-429D-8BED-56F341345FB6}.Debug|Any CPU.Build.0 = Debug|Any CPU
		{6E9E5FED-99C6-429D-8BED-56F341345FB6}.Release|Any CPU.ActiveCfg = Release|Any CPU
		{6E9E5FED-99C6-429D-8BED-56F341345FB6}.Release|Any CPU.Build.0 = Release|Any CPU
		{85ECC505-6D6F-4395-82E7-1E526FED7154}.Debug|Any CPU.ActiveCfg = Debug|Any CPU
		{85ECC505-6D6F-4395-82E7-1E526FED7154}.Debug|Any CPU.Build.0 = Debug|Any CPU
		{85ECC505-6D6F-4395-82E7-1E526FED7154}.Release|Any CPU.ActiveCfg = Release|Any CPU
		{85ECC505-6D6F-4395-82E7-1E526FED7154}.Release|Any CPU.Build.0 = Release|Any CPU
		{21D2B5B2-09F0-4CB8-9798-11D66D22BBD6}.Debug|Any CPU.ActiveCfg = Debug|Any CPU
		{21D2B5B2-09F0-4CB8-9798-11D66D22BBD6}.Debug|Any CPU.Build.0 = Debug|Any CPU
		{21D2B5B2-09F0-4CB8-9798-11D66D22BBD6}.Release|Any CPU.ActiveCfg = Release|Any CPU
		{21D2B5B2-09F0-4CB8-9798-11D66D22BBD6}.Release|Any CPU.Build.0 = Release|Any CPU
		{98B77B0B-0629-4498-921D-4B30589ECFB6}.Debug|Any CPU.ActiveCfg = Debug|Any CPU
		{98B77B0B-0629-4498-921D-4B30589ECFB6}.Debug|Any CPU.Build.0 = Debug|Any CPU
		{98B77B0B-0629-4498-921D-4B30589ECFB6}.Release|Any CPU.ActiveCfg = Release|Any CPU
		{98B77B0B-0629-4498-921D-4B30589ECFB6}.Release|Any CPU.Build.0 = Release|Any CPU
		{BB8C2CBD-809C-444E-89B1-9817D20C17BC}.Debug|Any CPU.ActiveCfg = Debug|Any CPU
		{BB8C2CBD-809C-444E-89B1-9817D20C17BC}.Debug|Any CPU.Build.0 = Debug|Any CPU
		{BB8C2CBD-809C-444E-89B1-9817D20C17BC}.Release|Any CPU.ActiveCfg = Release|Any CPU
		{BB8C2CBD-809C-444E-89B1-9817D20C17BC}.Release|Any CPU.Build.0 = Release|Any CPU
		{A763BB32-467E-4554-A58C-921D6BF79450}.Debug|Any CPU.ActiveCfg = Debug|Any CPU
		{A763BB32-467E-4554-A58C-921D6BF79450}.Debug|Any CPU.Build.0 = Debug|Any CPU
		{A763BB32-467E-4554-A58C-921D6BF79450}.Release|Any CPU.ActiveCfg = Release|Any CPU
		{A763BB32-467E-4554-A58C-921D6BF79450}.Release|Any CPU.Build.0 = Release|Any CPU
		{3CC1FC28-3EC2-4C46-89C8-B1E1C76C8CDD}.Debug|Any CPU.ActiveCfg = Debug|Any CPU
		{3CC1FC28-3EC2-4C46-89C8-B1E1C76C8CDD}.Debug|Any CPU.Build.0 = Debug|Any CPU
		{3CC1FC28-3EC2-4C46-89C8-B1E1C76C8CDD}.Release|Any CPU.ActiveCfg = Release|Any CPU
		{3CC1FC28-3EC2-4C46-89C8-B1E1C76C8CDD}.Release|Any CPU.Build.0 = Release|Any CPU
		{6E5BB889-4F7C-412C-9C74-B7B1CD8551E0}.Debug|Any CPU.ActiveCfg = Debug|Any CPU
		{6E5BB889-4F7C-412C-9C74-B7B1CD8551E0}.Debug|Any CPU.Build.0 = Debug|Any CPU
		{6E5BB889-4F7C-412C-9C74-B7B1CD8551E0}.Release|Any CPU.ActiveCfg = Release|Any CPU
		{6E5BB889-4F7C-412C-9C74-B7B1CD8551E0}.Release|Any CPU.Build.0 = Release|Any CPU
		{1BC328D0-9860-4592-8343-42CE89051EED}.Debug|Any CPU.ActiveCfg = Debug|Any CPU
		{1BC328D0-9860-4592-8343-42CE89051EED}.Debug|Any CPU.Build.0 = Debug|Any CPU
		{1BC328D0-9860-4592-8343-42CE89051EED}.Release|Any CPU.ActiveCfg = Release|Any CPU
		{1BC328D0-9860-4592-8343-42CE89051EED}.Release|Any CPU.Build.0 = Release|Any CPU
		{34CC7AF3-9D44-4E9C-AB92-F26F6BD32328}.Debug|Any CPU.ActiveCfg = Debug|Any CPU
		{34CC7AF3-9D44-4E9C-AB92-F26F6BD32328}.Debug|Any CPU.Build.0 = Debug|Any CPU
		{34CC7AF3-9D44-4E9C-AB92-F26F6BD32328}.Release|Any CPU.ActiveCfg = Release|Any CPU
		{34CC7AF3-9D44-4E9C-AB92-F26F6BD32328}.Release|Any CPU.Build.0 = Release|Any CPU
		{16709227-20DB-4F23-9A99-02D67D4BE47D}.Debug|Any CPU.ActiveCfg = Debug|Any CPU
		{16709227-20DB-4F23-9A99-02D67D4BE47D}.Debug|Any CPU.Build.0 = Debug|Any CPU
		{16709227-20DB-4F23-9A99-02D67D4BE47D}.Release|Any CPU.ActiveCfg = Release|Any CPU
		{16709227-20DB-4F23-9A99-02D67D4BE47D}.Release|Any CPU.Build.0 = Release|Any CPU
		{A287A94E-D6DC-463C-899D-30601CE807DE}.Debug|Any CPU.ActiveCfg = Debug|Any CPU
		{A287A94E-D6DC-463C-899D-30601CE807DE}.Debug|Any CPU.Build.0 = Debug|Any CPU
		{A287A94E-D6DC-463C-899D-30601CE807DE}.Release|Any CPU.ActiveCfg = Release|Any CPU
		{A287A94E-D6DC-463C-899D-30601CE807DE}.Release|Any CPU.Build.0 = Release|Any CPU
		{9F729E39-AFA3-4C48-9AB6-DE5DDAC2E870}.Debug|Any CPU.ActiveCfg = Debug|Any CPU
		{9F729E39-AFA3-4C48-9AB6-DE5DDAC2E870}.Debug|Any CPU.Build.0 = Debug|Any CPU
		{9F729E39-AFA3-4C48-9AB6-DE5DDAC2E870}.Release|Any CPU.ActiveCfg = Release|Any CPU
		{9F729E39-AFA3-4C48-9AB6-DE5DDAC2E870}.Release|Any CPU.Build.0 = Release|Any CPU
		{5E195D63-D4A3-44C4-92EE-4229E27DB134}.Debug|Any CPU.ActiveCfg = Debug|Any CPU
		{5E195D63-D4A3-44C4-92EE-4229E27DB134}.Debug|Any CPU.Build.0 = Debug|Any CPU
		{5E195D63-D4A3-44C4-92EE-4229E27DB134}.Release|Any CPU.ActiveCfg = Release|Any CPU
		{5E195D63-D4A3-44C4-92EE-4229E27DB134}.Release|Any CPU.Build.0 = Release|Any CPU
		{5BDBC2AB-1333-47D4-B296-70E75EAA75E8}.Debug|Any CPU.ActiveCfg = Debug|Any CPU
		{5BDBC2AB-1333-47D4-B296-70E75EAA75E8}.Debug|Any CPU.Build.0 = Debug|Any CPU
		{5BDBC2AB-1333-47D4-B296-70E75EAA75E8}.Release|Any CPU.ActiveCfg = Release|Any CPU
		{5BDBC2AB-1333-47D4-B296-70E75EAA75E8}.Release|Any CPU.Build.0 = Release|Any CPU
		{0393EBD2-7036-4C6E-824C-0E53CF4AB9D4}.Debug|Any CPU.ActiveCfg = Debug|Any CPU
		{0393EBD2-7036-4C6E-824C-0E53CF4AB9D4}.Debug|Any CPU.Build.0 = Debug|Any CPU
		{0393EBD2-7036-4C6E-824C-0E53CF4AB9D4}.Release|Any CPU.ActiveCfg = Release|Any CPU
		{0393EBD2-7036-4C6E-824C-0E53CF4AB9D4}.Release|Any CPU.Build.0 = Release|Any CPU
		{EC6F5666-A3AC-42B2-835E-4B8A30F2F543}.Debug|Any CPU.ActiveCfg = Debug|Any CPU
		{EC6F5666-A3AC-42B2-835E-4B8A30F2F543}.Debug|Any CPU.Build.0 = Debug|Any CPU
		{EC6F5666-A3AC-42B2-835E-4B8A30F2F543}.Release|Any CPU.ActiveCfg = Release|Any CPU
		{EC6F5666-A3AC-42B2-835E-4B8A30F2F543}.Release|Any CPU.Build.0 = Release|Any CPU
		{E76801D8-0013-45E7-BC4E-56B730A32141}.Debug|Any CPU.ActiveCfg = Debug|Any CPU
		{E76801D8-0013-45E7-BC4E-56B730A32141}.Debug|Any CPU.Build.0 = Debug|Any CPU
		{E76801D8-0013-45E7-BC4E-56B730A32141}.Release|Any CPU.ActiveCfg = Release|Any CPU
		{E76801D8-0013-45E7-BC4E-56B730A32141}.Release|Any CPU.Build.0 = Release|Any CPU
		{B42224FD-BEA2-4512-BA4A-647D788BCAA2}.Debug|Any CPU.ActiveCfg = Debug|Any CPU
		{B42224FD-BEA2-4512-BA4A-647D788BCAA2}.Debug|Any CPU.Build.0 = Debug|Any CPU
		{B42224FD-BEA2-4512-BA4A-647D788BCAA2}.Release|Any CPU.ActiveCfg = Release|Any CPU
		{B42224FD-BEA2-4512-BA4A-647D788BCAA2}.Release|Any CPU.Build.0 = Release|Any CPU
		{5FDB2B2A-4809-4FEB-BD5D-1C2FFBC04FAA}.Debug|Any CPU.ActiveCfg = Debug|Any CPU
		{5FDB2B2A-4809-4FEB-BD5D-1C2FFBC04FAA}.Debug|Any CPU.Build.0 = Debug|Any CPU
		{5FDB2B2A-4809-4FEB-BD5D-1C2FFBC04FAA}.Release|Any CPU.ActiveCfg = Release|Any CPU
		{5FDB2B2A-4809-4FEB-BD5D-1C2FFBC04FAA}.Release|Any CPU.Build.0 = Release|Any CPU
		{05E947FD-8F0D-4F8F-832E-D630D764BC94}.Debug|Any CPU.ActiveCfg = Debug|Any CPU
		{05E947FD-8F0D-4F8F-832E-D630D764BC94}.Debug|Any CPU.Build.0 = Debug|Any CPU
		{05E947FD-8F0D-4F8F-832E-D630D764BC94}.Release|Any CPU.ActiveCfg = Release|Any CPU
		{05E947FD-8F0D-4F8F-832E-D630D764BC94}.Release|Any CPU.Build.0 = Release|Any CPU
		{9AA9AC2D-6171-48C5-A8F9-DD84B8F21768}.Debug|Any CPU.ActiveCfg = Debug|Any CPU
		{9AA9AC2D-6171-48C5-A8F9-DD84B8F21768}.Debug|Any CPU.Build.0 = Debug|Any CPU
		{9AA9AC2D-6171-48C5-A8F9-DD84B8F21768}.Release|Any CPU.ActiveCfg = Release|Any CPU
		{9AA9AC2D-6171-48C5-A8F9-DD84B8F21768}.Release|Any CPU.Build.0 = Release|Any CPU
		{1E46BAF7-5035-4EB4-A004-E6DF80E950AD}.Debug|Any CPU.ActiveCfg = Debug|Any CPU
		{1E46BAF7-5035-4EB4-A004-E6DF80E950AD}.Debug|Any CPU.Build.0 = Debug|Any CPU
		{1E46BAF7-5035-4EB4-A004-E6DF80E950AD}.Release|Any CPU.ActiveCfg = Release|Any CPU
		{1E46BAF7-5035-4EB4-A004-E6DF80E950AD}.Release|Any CPU.Build.0 = Release|Any CPU
		{0357025C-B50D-4E09-87E6-8BDA7226F7C6}.Debug|Any CPU.ActiveCfg = Debug|Any CPU
		{0357025C-B50D-4E09-87E6-8BDA7226F7C6}.Debug|Any CPU.Build.0 = Debug|Any CPU
		{0357025C-B50D-4E09-87E6-8BDA7226F7C6}.Release|Any CPU.ActiveCfg = Release|Any CPU
		{0357025C-B50D-4E09-87E6-8BDA7226F7C6}.Release|Any CPU.Build.0 = Release|Any CPU
		{3FC10693-2833-4A07-9331-E19FA8E110DA}.Debug|Any CPU.ActiveCfg = Debug|Any CPU
		{3FC10693-2833-4A07-9331-E19FA8E110DA}.Debug|Any CPU.Build.0 = Debug|Any CPU
		{3FC10693-2833-4A07-9331-E19FA8E110DA}.Release|Any CPU.ActiveCfg = Release|Any CPU
		{3FC10693-2833-4A07-9331-E19FA8E110DA}.Release|Any CPU.Build.0 = Release|Any CPU
		{74282053-C7BA-4237-98E4-69B20B351F76}.Debug|Any CPU.ActiveCfg = Debug|Any CPU
		{74282053-C7BA-4237-98E4-69B20B351F76}.Debug|Any CPU.Build.0 = Debug|Any CPU
		{74282053-C7BA-4237-98E4-69B20B351F76}.Release|Any CPU.ActiveCfg = Release|Any CPU
		{74282053-C7BA-4237-98E4-69B20B351F76}.Release|Any CPU.Build.0 = Release|Any CPU
	EndGlobalSection
	GlobalSection(SolutionProperties) = preSolution
		HideSolutionNode = FALSE
	EndGlobalSection
	GlobalSection(ExtensibilityGlobals) = postSolution
		SolutionGuid = {8D08F461-E667-4FA3-9856-284188524C1B}
	EndGlobalSection
EndGlobal
