
Microsoft Visual Studio Solution File, Format Version 12.00
# Visual Studio Version 16
VisualStudioVersion = 16.0.31424.327
MinimumVisualStudioVersion = 10.0.40219.1
Project("{FAE04EC0-301F-11D3-BF4B-00C04F79EFBC}") = "DemoMVC", "DemoMVC\DemoMVC.csproj", "{B2B654FF-E62A-4B1A-9127-3A9FA87205E9}"
EndProject
Project("{FAE04EC0-301F-11D3-BF4B-00C04F79EFBC}") = "LifeCycle", "LifeCycle\LifeCycle.csproj", "{B067A9D2-3B9C-4515-96B7-6372E060D595}"
EndProject
Project("{FAE04EC0-301F-11D3-BF4B-00C04F79EFBC}") = "LifeOnEartch", "LifeOnEartch\LifeOnEartch.csproj", "{B09A53B9-8C17-4296-8598-74486C23000C}"
EndProject
Project("{FAE04EC0-301F-11D3-BF4B-00C04F79EFBC}") = "DemoAPI", "DemoAPI\DemoAPI.csproj", "{03C472E4-2909-48C1-89A0-4E109A6434B6}"
EndProject
Global
	GlobalSection(SolutionConfigurationPlatforms) = preSolution
		Debug|Any CPU = Debug|Any CPU
		Release|Any CPU = Release|Any CPU
	EndGlobalSection
	GlobalSection(ProjectConfigurationPlatforms) = postSolution
		{B2B654FF-E62A-4B1A-9127-3A9FA87205E9}.Debug|Any CPU.ActiveCfg = Debug|Any CPU
		{B2B654FF-E62A-4B1A-9127-3A9FA87205E9}.Debug|Any CPU.Build.0 = Debug|Any CPU
		{B2B654FF-E62A-4B1A-9127-3A9FA87205E9}.Release|Any CPU.ActiveCfg = Release|Any CPU
		{B2B654FF-E62A-4B1A-9127-3A9FA87205E9}.Release|Any CPU.Build.0 = Release|Any CPU
		{B067A9D2-3B9C-4515-96B7-6372E060D595}.Debug|Any CPU.ActiveCfg = Debug|Any CPU
		{B067A9D2-3B9C-4515-96B7-6372E060D595}.Debug|Any CPU.Build.0 = Debug|Any CPU
		{B067A9D2-3B9C-4515-96B7-6372E060D595}.Release|Any CPU.ActiveCfg = Release|Any CPU
		{B067A9D2-3B9C-4515-96B7-6372E060D595}.Release|Any CPU.Build.0 = Release|Any CPU
		{B09A53B9-8C17-4296-8598-74486C23000C}.Debug|Any CPU.ActiveCfg = Debug|Any CPU
		{B09A53B9-8C17-4296-8598-74486C23000C}.Debug|Any CPU.Build.0 = Debug|Any CPU
		{B09A53B9-8C17-4296-8598-74486C23000C}.Release|Any CPU.ActiveCfg = Release|Any CPU
		{B09A53B9-8C17-4296-8598-74486C23000C}.Release|Any CPU.Build.0 = Release|Any CPU
		{03C472E4-2909-48C1-89A0-4E109A6434B6}.Debug|Any CPU.ActiveCfg = Debug|Any CPU
		{03C472E4-2909-48C1-89A0-4E109A6434B6}.Debug|Any CPU.Build.0 = Debug|Any CPU
		{03C472E4-2909-48C1-89A0-4E109A6434B6}.Release|Any CPU.ActiveCfg = Release|Any CPU
		{03C472E4-2909-48C1-89A0-4E109A6434B6}.Release|Any CPU.Build.0 = Release|Any CPU
	EndGlobalSection
	GlobalSection(SolutionProperties) = preSolution
		HideSolutionNode = FALSE
	EndGlobalSection
	GlobalSection(ExtensibilityGlobals) = postSolution
		SolutionGuid = {509F9194-A4D0-4F1B-9232-226EDFFE89F7}
	EndGlobalSection
EndGlobal
